
Microsoft Visual Studio Solution File, Format Version 12.00
# Visual Studio Version 17
VisualStudioVersion = 17.13.35931.197 d17.13
MinimumVisualStudioVersion = 10.0.40219.1
Project("{8BC9CEB8-8B4A-11D0-8D11-00A0C91BC942}") = "11.9 Variable exercises", "11.9 Variable exercises\11.9 Variable exercises.vcxproj", "{8842F39F-6CA5-4667-9B2F-BFBED5D9DBC7}"
EndProject
Global
	GlobalSection(SolutionConfigurationPlatforms) = preSolution
		Debug|x64 = Debug|x64
		Debug|x86 = Debug|x86
		Release|x64 = Release|x64
		Release|x86 = Release|x86
	EndGlobalSection
	GlobalSection(ProjectConfigurationPlatforms) = postSolution
		{8842F39F-6CA5-4667-9B2F-BFBED5D9DBC7}.Debug|x64.ActiveCfg = Debug|x64
		{8842F39F-6CA5-4667-9B2F-BFBED5D9DBC7}.Debug|x64.Build.0 = Debug|x64
		{8842F39F-6CA5-4667-9B2F-BFBED5D9DBC7}.Debug|x86.ActiveCfg = Debug|Win32
		{8842F39F-6CA5-4667-9B2F-BFBED5D9DBC7}.Debug|x86.Build.0 = Debug|Win32
		{8842F39F-6CA5-4667-9B2F-BFBED5D9DBC7}.Release|x64.ActiveCfg = Release|x64
		{8842F39F-6CA5-4667-9B2F-BFBED5D9DBC7}.Release|x64.Build.0 = Release|x64
		{8842F39F-6CA5-4667-9B2F-BFBED5D9DBC7}.Release|x86.ActiveCfg = Release|Win32
		{8842F39F-6CA5-4667-9B2F-BFBED5D9DBC7}.Release|x86.Build.0 = Release|Win32
	EndGlobalSection
	GlobalSection(SolutionProperties) = preSolution
		HideSolutionNode = FALSE
	EndGlobalSection
	GlobalSection(ExtensibilityGlobals) = postSolution
		SolutionGuid = {268D1F9D-2F61-4C3F-8D86-A24E71C35112}
	EndGlobalSection
EndGlobal
